
Microsoft Visual Studio Solution File, Format Version 12.00
# Visual Studio Version 16
VisualStudioVersion = 16.0.31005.135
MinimumVisualStudioVersion = 10.0.40219.1
Project("{FAE04EC0-301F-11D3-BF4B-00C04F79EFBC}") = "GroceryApp", "GroceryApp\GroceryApp.csproj", "{57465D65-1F4A-4390-B89E-2978E5D3AE7E}"
EndProject
Global
	GlobalSection(SolutionConfigurationPlatforms) = preSolution
		Debug|Any CPU = Debug|Any CPU
		Release|Any CPU = Release|Any CPU
	EndGlobalSection
	GlobalSection(ProjectConfigurationPlatforms) = postSolution
		{57465D65-1F4A-4390-B89E-2978E5D3AE7E}.Debug|Any CPU.ActiveCfg = Debug|Any CPU
		{57465D65-1F4A-4390-B89E-2978E5D3AE7E}.Debug|Any CPU.Build.0 = Debug|Any CPU
		{57465D65-1F4A-4390-B89E-2978E5D3AE7E}.Debug|Any CPU.Deploy.0 = Debug|Any CPU
		{57465D65-1F4A-4390-B89E-2978E5D3AE7E}.Release|Any CPU.ActiveCfg = Release|Any CPU
		{57465D65-1F4A-4390-B89E-2978E5D3AE7E}.Release|Any CPU.Build.0 = Release|Any CPU
		{57465D65-1F4A-4390-B89E-2978E5D3AE7E}.Release|Any CPU.Deploy.0 = Release|Any CPU
	EndGlobalSection
	GlobalSection(SolutionProperties) = preSolution
		HideSolutionNode = FALSE
	EndGlobalSection
	GlobalSection(ExtensibilityGlobals) = postSolution
		SolutionGuid = {E958D5FB-1F7A-414A-BF41-1F5BC28D7B36}
	EndGlobalSection
EndGlobal
